
Microsoft Visual Studio Solution File, Format Version 12.00
# Visual Studio Version 17
VisualStudioVersion = 17.9.34616.47
MinimumVisualStudioVersion = 10.0.40219.1
Project("{9A19103F-16F7-4668-BE54-9A1E7A4F7556}") = "View", "Lister\View.csproj", "{F2DCDC30-29A2-4343-A26F-3C55444B23E0}"
EndProject
Project("{9A19103F-16F7-4668-BE54-9A1E7A4F7556}") = "Lister.Desktop", "Lister.Desktop\Lister.Desktop.csproj", "{A0BBBA80-F42A-40D0-9090-2EDC128DD758}"
EndProject
Project("{9A19103F-16F7-4668-BE54-9A1E7A4F7556}") = "Core", "ContentAssembler\Core.csproj", "{43F76DEE-28D0-46E3-90FE-D77CA57D54D0}"
EndProject
Project("{2150E333-8FDC-42A3-9474-1A3956D46DE8}") = "Solution Items", "Solution Items", "{2BC9A480-DD0F-46AC-8357-92B09108F35D}"
	ProjectSection(SolutionItems) = preProject
		.editorconfig = .editorconfig
	EndProjectSection
EndProject
Global
	GlobalSection(SolutionConfigurationPlatforms) = preSolution
		Debug|Any CPU = Debug|Any CPU
		Release|Any CPU = Release|Any CPU
	EndGlobalSection
	GlobalSection(ProjectConfigurationPlatforms) = postSolution
		{F2DCDC30-29A2-4343-A26F-3C55444B23E0}.Debug|Any CPU.ActiveCfg = Debug|Any CPU
		{F2DCDC30-29A2-4343-A26F-3C55444B23E0}.Debug|Any CPU.Build.0 = Debug|Any CPU
		{F2DCDC30-29A2-4343-A26F-3C55444B23E0}.Release|Any CPU.ActiveCfg = Release|Any CPU
		{F2DCDC30-29A2-4343-A26F-3C55444B23E0}.Release|Any CPU.Build.0 = Release|Any CPU
		{A0BBBA80-F42A-40D0-9090-2EDC128DD758}.Debug|Any CPU.ActiveCfg = Debug|Any CPU
		{A0BBBA80-F42A-40D0-9090-2EDC128DD758}.Debug|Any CPU.Build.0 = Debug|Any CPU
		{A0BBBA80-F42A-40D0-9090-2EDC128DD758}.Release|Any CPU.ActiveCfg = Release|Any CPU
		{A0BBBA80-F42A-40D0-9090-2EDC128DD758}.Release|Any CPU.Build.0 = Release|Any CPU
		{43F76DEE-28D0-46E3-90FE-D77CA57D54D0}.Debug|Any CPU.ActiveCfg = Debug|Any CPU
		{43F76DEE-28D0-46E3-90FE-D77CA57D54D0}.Debug|Any CPU.Build.0 = Debug|Any CPU
		{43F76DEE-28D0-46E3-90FE-D77CA57D54D0}.Release|Any CPU.ActiveCfg = Release|Any CPU
		{43F76DEE-28D0-46E3-90FE-D77CA57D54D0}.Release|Any CPU.Build.0 = Release|Any CPU
	EndGlobalSection
	GlobalSection(SolutionProperties) = preSolution
		HideSolutionNode = FALSE
	EndGlobalSection
	GlobalSection(ExtensibilityGlobals) = postSolution
		SolutionGuid = {976DD47A-89F2-497A-8850-540349EF7C2D}
	EndGlobalSection
EndGlobal
